// !$*UTF8*$!
{
	archiveVersion = 1;
	classes = {
	};
	objectVersion = 50;
	objects = {

/* Begin PBXBuildFile section */
		114C7FF75B9DEC5AD25A1664 /* Pods_GBShopUITests.framework in Frameworks */ = {isa = PBXBuildFile; fileRef = D0533392F5EFD4374DA77553 /* Pods_GBShopUITests.framework */; };
		27F437D93C82369296BADC9A /* Pods_GBShop.framework in Frameworks */ = {isa = PBXBuildFile; fileRef = C74AC78AE3A05F367FA2C7B0 /* Pods_GBShop.framework */; };
		7A5B10BEA0A63F30117E14E8 /* Pods_GBShopTests.framework in Frameworks */ = {isa = PBXBuildFile; fileRef = 5793A0C6DC8C5B2C60272C36 /* Pods_GBShopTests.framework */; };
		D411D3B420EAFB0B0040EB27 /* AppDelegate.swift in Sources */ = {isa = PBXBuildFile; fileRef = D411D3B320EAFB0B0040EB27 /* AppDelegate.swift */; };
		D411D3BB20EAFB0B0040EB27 /* Assets.xcassets in Resources */ = {isa = PBXBuildFile; fileRef = D411D3BA20EAFB0B0040EB27 /* Assets.xcassets */; };
		D411D3BE20EAFB0B0040EB27 /* LaunchScreen.storyboard in Resources */ = {isa = PBXBuildFile; fileRef = D411D3BC20EAFB0B0040EB27 /* LaunchScreen.storyboard */; };
		D411D3C920EAFB0B0040EB27 /* GBShopTests.swift in Sources */ = {isa = PBXBuildFile; fileRef = D411D3C820EAFB0B0040EB27 /* GBShopTests.swift */; };
		D411D3D420EAFB0B0040EB27 /* GBShopUITests.swift in Sources */ = {isa = PBXBuildFile; fileRef = D411D3D320EAFB0B0040EB27 /* GBShopUITests.swift */; };
		D42535E120EEE7B200986A85 /* AbstractErrorParser.swift in Sources */ = {isa = PBXBuildFile; fileRef = D42535E020EEE7B200986A85 /* AbstractErrorParser.swift */; };
		D42535E320EEE7FB00986A85 /* ErrorParser.swift in Sources */ = {isa = PBXBuildFile; fileRef = D42535E220EEE7FB00986A85 /* ErrorParser.swift */; };
		D42535E520EEE85600986A85 /* DataRequestExtension.swift in Sources */ = {isa = PBXBuildFile; fileRef = D42535E420EEE85600986A85 /* DataRequestExtension.swift */; };
		D42535E720EEF04C00986A85 /* AbstractRequestFaсtory.swift in Sources */ = {isa = PBXBuildFile; fileRef = D42535E620EEF04C00986A85 /* AbstractRequestFaсtory.swift */; };
		D42535E920EEF50200986A85 /* RequestRouter.swift in Sources */ = {isa = PBXBuildFile; fileRef = D42535E820EEF50200986A85 /* RequestRouter.swift */; };
		D42535EB20EEF67900986A85 /* LoginResult.swift in Sources */ = {isa = PBXBuildFile; fileRef = D42535EA20EEF67900986A85 /* LoginResult.swift */; };
		D42535ED20EEF69700986A85 /* User.swift in Sources */ = {isa = PBXBuildFile; fileRef = D42535EC20EEF69700986A85 /* User.swift */; };
		D42535F020EEF7FA00986A85 /* AuthRequestFactory.swift in Sources */ = {isa = PBXBuildFile; fileRef = D42535EF20EEF7FA00986A85 /* AuthRequestFactory.swift */; };
		D42535F220EEF92400986A85 /* AuthRequestPerformer.swift in Sources */ = {isa = PBXBuildFile; fileRef = D42535F120EEF92400986A85 /* AuthRequestPerformer.swift */; };
		D42535F420EEFB2000986A85 /* RequestFactory.swift in Sources */ = {isa = PBXBuildFile; fileRef = D42535F320EEFB2000986A85 /* RequestFactory.swift */; };
		D42535F620EEFF0200986A85 /* RegistrationResult.swift in Sources */ = {isa = PBXBuildFile; fileRef = D42535F520EEFF0200986A85 /* RegistrationResult.swift */; };
		D42535F820EEFFA200986A85 /* BaseRequestPerformer.swift in Sources */ = {isa = PBXBuildFile; fileRef = D42535F720EEFFA200986A85 /* BaseRequestPerformer.swift */; };
		D425360020EF011200986A85 /* RegistrationParams.swift in Sources */ = {isa = PBXBuildFile; fileRef = D42535FF20EF011200986A85 /* RegistrationParams.swift */; };
		D425360220EF06DF00986A85 /* ChangeUserDataResult.swift in Sources */ = {isa = PBXBuildFile; fileRef = D425360120EF06DF00986A85 /* ChangeUserDataResult.swift */; };
		D425360520EF079B00986A85 /* ChangeUserDataRequestFactory.swift in Sources */ = {isa = PBXBuildFile; fileRef = D425360420EF079B00986A85 /* ChangeUserDataRequestFactory.swift */; };
		D425360720EF080B00986A85 /* ChangeUserDataRequestPerformer.swift in Sources */ = {isa = PBXBuildFile; fileRef = D425360620EF080B00986A85 /* ChangeUserDataRequestPerformer.swift */; };
		D425360A20EF0B0B00986A85 /* LogoutResult.swift in Sources */ = {isa = PBXBuildFile; fileRef = D425360920EF0B0B00986A85 /* LogoutResult.swift */; };
		D480464220F2ED0800E78A72 /* BaseURLConfigurator.swift in Sources */ = {isa = PBXBuildFile; fileRef = D480464120F2ED0800E78A72 /* BaseURLConfigurator.swift */; };
		D480464420F2EDA400E78A72 /* URLConfiguration.swift in Sources */ = {isa = PBXBuildFile; fileRef = D480464320F2EDA400E78A72 /* URLConfiguration.swift */; };
/* End PBXBuildFile section */

/* Begin PBXContainerItemProxy section */
		D411D3C520EAFB0B0040EB27 /* PBXContainerItemProxy */ = {
			isa = PBXContainerItemProxy;
			containerPortal = D411D3A820EAFB0A0040EB27 /* Project object */;
			proxyType = 1;
			remoteGlobalIDString = D411D3AF20EAFB0B0040EB27;
			remoteInfo = GBShop;
		};
		D411D3D020EAFB0B0040EB27 /* PBXContainerItemProxy */ = {
			isa = PBXContainerItemProxy;
			containerPortal = D411D3A820EAFB0A0040EB27 /* Project object */;
			proxyType = 1;
			remoteGlobalIDString = D411D3AF20EAFB0B0040EB27;
			remoteInfo = GBShop;
		};
/* End PBXContainerItemProxy section */

/* Begin PBXFileReference section */
		37CB7A5236255F8502CE3323 /* Pods-GBShop.debug.xcconfig */ = {isa = PBXFileReference; includeInIndex = 1; lastKnownFileType = text.xcconfig; name = "Pods-GBShop.debug.xcconfig"; path = "Pods/Target Support Files/Pods-GBShop/Pods-GBShop.debug.xcconfig"; sourceTree = "<group>"; };
		548C9DEE7BE374C1461616C2 /* Pods-GBShopUITests.debug.xcconfig */ = {isa = PBXFileReference; includeInIndex = 1; lastKnownFileType = text.xcconfig; name = "Pods-GBShopUITests.debug.xcconfig"; path = "Pods/Target Support Files/Pods-GBShopUITests/Pods-GBShopUITests.debug.xcconfig"; sourceTree = "<group>"; };
		5793A0C6DC8C5B2C60272C36 /* Pods_GBShopTests.framework */ = {isa = PBXFileReference; explicitFileType = wrapper.framework; includeInIndex = 0; path = Pods_GBShopTests.framework; sourceTree = BUILT_PRODUCTS_DIR; };
		5EA5DAB0D69FF34C52B6658F /* Pods-GBShopTests.release.xcconfig */ = {isa = PBXFileReference; includeInIndex = 1; lastKnownFileType = text.xcconfig; name = "Pods-GBShopTests.release.xcconfig"; path = "Pods/Target Support Files/Pods-GBShopTests/Pods-GBShopTests.release.xcconfig"; sourceTree = "<group>"; };
		BE95CDF8850DF1B8C0C0F25B /* Pods-GBShopTests.debug.xcconfig */ = {isa = PBXFileReference; includeInIndex = 1; lastKnownFileType = text.xcconfig; name = "Pods-GBShopTests.debug.xcconfig"; path = "Pods/Target Support Files/Pods-GBShopTests/Pods-GBShopTests.debug.xcconfig"; sourceTree = "<group>"; };
		C74AC78AE3A05F367FA2C7B0 /* Pods_GBShop.framework */ = {isa = PBXFileReference; explicitFileType = wrapper.framework; includeInIndex = 0; path = Pods_GBShop.framework; sourceTree = BUILT_PRODUCTS_DIR; };
		D0533392F5EFD4374DA77553 /* Pods_GBShopUITests.framework */ = {isa = PBXFileReference; explicitFileType = wrapper.framework; includeInIndex = 0; path = Pods_GBShopUITests.framework; sourceTree = BUILT_PRODUCTS_DIR; };
		D411D3B020EAFB0B0040EB27 /* GBShop.app */ = {isa = PBXFileReference; explicitFileType = wrapper.application; includeInIndex = 0; path = GBShop.app; sourceTree = BUILT_PRODUCTS_DIR; };
		D411D3B320EAFB0B0040EB27 /* AppDelegate.swift */ = {isa = PBXFileReference; lastKnownFileType = sourcecode.swift; path = AppDelegate.swift; sourceTree = "<group>"; };
		D411D3BA20EAFB0B0040EB27 /* Assets.xcassets */ = {isa = PBXFileReference; lastKnownFileType = folder.assetcatalog; path = Assets.xcassets; sourceTree = "<group>"; };
		D411D3BD20EAFB0B0040EB27 /* Base */ = {isa = PBXFileReference; lastKnownFileType = file.storyboard; name = Base; path = Base.lproj/LaunchScreen.storyboard; sourceTree = "<group>"; };
		D411D3BF20EAFB0B0040EB27 /* Info.plist */ = {isa = PBXFileReference; lastKnownFileType = text.plist.xml; path = Info.plist; sourceTree = "<group>"; };
		D411D3C420EAFB0B0040EB27 /* GBShopTests.xctest */ = {isa = PBXFileReference; explicitFileType = wrapper.cfbundle; includeInIndex = 0; path = GBShopTests.xctest; sourceTree = BUILT_PRODUCTS_DIR; };
		D411D3C820EAFB0B0040EB27 /* GBShopTests.swift */ = {isa = PBXFileReference; lastKnownFileType = sourcecode.swift; path = GBShopTests.swift; sourceTree = "<group>"; };
		D411D3CA20EAFB0B0040EB27 /* Info.plist */ = {isa = PBXFileReference; lastKnownFileType = text.plist.xml; path = Info.plist; sourceTree = "<group>"; };
		D411D3CF20EAFB0B0040EB27 /* GBShopUITests.xctest */ = {isa = PBXFileReference; explicitFileType = wrapper.cfbundle; includeInIndex = 0; path = GBShopUITests.xctest; sourceTree = BUILT_PRODUCTS_DIR; };
		D411D3D320EAFB0B0040EB27 /* GBShopUITests.swift */ = {isa = PBXFileReference; lastKnownFileType = sourcecode.swift; path = GBShopUITests.swift; sourceTree = "<group>"; };
		D411D3D520EAFB0B0040EB27 /* Info.plist */ = {isa = PBXFileReference; lastKnownFileType = text.plist.xml; path = Info.plist; sourceTree = "<group>"; };
		D42535E020EEE7B200986A85 /* AbstractErrorParser.swift */ = {isa = PBXFileReference; lastKnownFileType = sourcecode.swift; path = AbstractErrorParser.swift; sourceTree = "<group>"; };
		D42535E220EEE7FB00986A85 /* ErrorParser.swift */ = {isa = PBXFileReference; lastKnownFileType = sourcecode.swift; path = ErrorParser.swift; sourceTree = "<group>"; };
		D42535E420EEE85600986A85 /* DataRequestExtension.swift */ = {isa = PBXFileReference; lastKnownFileType = sourcecode.swift; path = DataRequestExtension.swift; sourceTree = "<group>"; };
		D42535E620EEF04C00986A85 /* AbstractRequestFaсtory.swift */ = {isa = PBXFileReference; lastKnownFileType = sourcecode.swift; path = "AbstractRequestFaсtory.swift"; sourceTree = "<group>"; };
		D42535E820EEF50200986A85 /* RequestRouter.swift */ = {isa = PBXFileReference; lastKnownFileType = sourcecode.swift; path = RequestRouter.swift; sourceTree = "<group>"; };
		D42535EA20EEF67900986A85 /* LoginResult.swift */ = {isa = PBXFileReference; lastKnownFileType = sourcecode.swift; path = LoginResult.swift; sourceTree = "<group>"; };
		D42535EC20EEF69700986A85 /* User.swift */ = {isa = PBXFileReference; lastKnownFileType = sourcecode.swift; path = User.swift; sourceTree = "<group>"; };
		D42535EF20EEF7FA00986A85 /* AuthRequestFactory.swift */ = {isa = PBXFileReference; lastKnownFileType = sourcecode.swift; path = AuthRequestFactory.swift; sourceTree = "<group>"; };
		D42535F120EEF92400986A85 /* AuthRequestPerformer.swift */ = {isa = PBXFileReference; lastKnownFileType = sourcecode.swift; path = AuthRequestPerformer.swift; sourceTree = "<group>"; };
		D42535F320EEFB2000986A85 /* RequestFactory.swift */ = {isa = PBXFileReference; lastKnownFileType = sourcecode.swift; path = RequestFactory.swift; sourceTree = "<group>"; };
		D42535F520EEFF0200986A85 /* RegistrationResult.swift */ = {isa = PBXFileReference; lastKnownFileType = sourcecode.swift; path = RegistrationResult.swift; sourceTree = "<group>"; };
		D42535F720EEFFA200986A85 /* BaseRequestPerformer.swift */ = {isa = PBXFileReference; lastKnownFileType = sourcecode.swift; path = BaseRequestPerformer.swift; sourceTree = "<group>"; };
		D42535FF20EF011200986A85 /* RegistrationParams.swift */ = {isa = PBXFileReference; lastKnownFileType = sourcecode.swift; path = RegistrationParams.swift; sourceTree = "<group>"; };
		D425360120EF06DF00986A85 /* ChangeUserDataResult.swift */ = {isa = PBXFileReference; lastKnownFileType = sourcecode.swift; path = ChangeUserDataResult.swift; sourceTree = "<group>"; };
		D425360420EF079B00986A85 /* ChangeUserDataRequestFactory.swift */ = {isa = PBXFileReference; lastKnownFileType = sourcecode.swift; path = ChangeUserDataRequestFactory.swift; sourceTree = "<group>"; };
		D425360620EF080B00986A85 /* ChangeUserDataRequestPerformer.swift */ = {isa = PBXFileReference; lastKnownFileType = sourcecode.swift; path = ChangeUserDataRequestPerformer.swift; sourceTree = "<group>"; };
		D425360920EF0B0B00986A85 /* LogoutResult.swift */ = {isa = PBXFileReference; lastKnownFileType = sourcecode.swift; path = LogoutResult.swift; sourceTree = "<group>"; };
		D480464120F2ED0800E78A72 /* BaseURLConfigurator.swift */ = {isa = PBXFileReference; lastKnownFileType = sourcecode.swift; path = BaseURLConfigurator.swift; sourceTree = "<group>"; };
		D480464320F2EDA400E78A72 /* URLConfiguration.swift */ = {isa = PBXFileReference; lastKnownFileType = sourcecode.swift; path = URLConfiguration.swift; sourceTree = "<group>"; };
		E4C84B3397E4649FA125EFEA /* Pods-GBShop.release.xcconfig */ = {isa = PBXFileReference; includeInIndex = 1; lastKnownFileType = text.xcconfig; name = "Pods-GBShop.release.xcconfig"; path = "Pods/Target Support Files/Pods-GBShop/Pods-GBShop.release.xcconfig"; sourceTree = "<group>"; };
		EEB0AEBF4C6BFCEB789C3D39 /* Pods-GBShopUITests.release.xcconfig */ = {isa = PBXFileReference; includeInIndex = 1; lastKnownFileType = text.xcconfig; name = "Pods-GBShopUITests.release.xcconfig"; path = "Pods/Target Support Files/Pods-GBShopUITests/Pods-GBShopUITests.release.xcconfig"; sourceTree = "<group>"; };
/* End PBXFileReference section */

/* Begin PBXFrameworksBuildPhase section */
		D411D3AD20EAFB0B0040EB27 /* Frameworks */ = {
			isa = PBXFrameworksBuildPhase;
			buildActionMask = 2147483647;
			files = (
				27F437D93C82369296BADC9A /* Pods_GBShop.framework in Frameworks */,
			);
			runOnlyForDeploymentPostprocessing = 0;
		};
		D411D3C120EAFB0B0040EB27 /* Frameworks */ = {
			isa = PBXFrameworksBuildPhase;
			buildActionMask = 2147483647;
			files = (
				7A5B10BEA0A63F30117E14E8 /* Pods_GBShopTests.framework in Frameworks */,
			);
			runOnlyForDeploymentPostprocessing = 0;
		};
		D411D3CC20EAFB0B0040EB27 /* Frameworks */ = {
			isa = PBXFrameworksBuildPhase;
			buildActionMask = 2147483647;
			files = (
				114C7FF75B9DEC5AD25A1664 /* Pods_GBShopUITests.framework in Frameworks */,
			);
			runOnlyForDeploymentPostprocessing = 0;
		};
/* End PBXFrameworksBuildPhase section */

/* Begin PBXGroup section */
		2B08A29A606C1E9DB60717CC /* Pods */ = {
			isa = PBXGroup;
			children = (
				37CB7A5236255F8502CE3323 /* Pods-GBShop.debug.xcconfig */,
				E4C84B3397E4649FA125EFEA /* Pods-GBShop.release.xcconfig */,
				BE95CDF8850DF1B8C0C0F25B /* Pods-GBShopTests.debug.xcconfig */,
				5EA5DAB0D69FF34C52B6658F /* Pods-GBShopTests.release.xcconfig */,
				548C9DEE7BE374C1461616C2 /* Pods-GBShopUITests.debug.xcconfig */,
				EEB0AEBF4C6BFCEB789C3D39 /* Pods-GBShopUITests.release.xcconfig */,
			);
			name = Pods;
			sourceTree = "<group>";
		};
		C1FF9C444024AD663DA12244 /* Frameworks */ = {
			isa = PBXGroup;
			children = (
				C74AC78AE3A05F367FA2C7B0 /* Pods_GBShop.framework */,
				5793A0C6DC8C5B2C60272C36 /* Pods_GBShopTests.framework */,
				D0533392F5EFD4374DA77553 /* Pods_GBShopUITests.framework */,
			);
			name = Frameworks;
			sourceTree = "<group>";
		};
		D411D3A720EAFB0A0040EB27 = {
			isa = PBXGroup;
			children = (
				D411D3B220EAFB0B0040EB27 /* GBShop */,
				D411D3C720EAFB0B0040EB27 /* GBShopTests */,
				D411D3D220EAFB0B0040EB27 /* GBShopUITests */,
				D411D3B120EAFB0B0040EB27 /* Products */,
				2B08A29A606C1E9DB60717CC /* Pods */,
				C1FF9C444024AD663DA12244 /* Frameworks */,
			);
			sourceTree = "<group>";
		};
		D411D3B120EAFB0B0040EB27 /* Products */ = {
			isa = PBXGroup;
			children = (
				D411D3B020EAFB0B0040EB27 /* GBShop.app */,
				D411D3C420EAFB0B0040EB27 /* GBShopTests.xctest */,
				D411D3CF20EAFB0B0040EB27 /* GBShopUITests.xctest */,
			);
			name = Products;
			sourceTree = "<group>";
		};
		D411D3B220EAFB0B0040EB27 /* GBShop */ = {
			isa = PBXGroup;
			children = (
				D411D3E120EAFFFE0040EB27 /* App */,
				D411D3E220EB000C0040EB27 /* Flows */,
				D411D3E320EB001C0040EB27 /* Core */,
				D411D3E420EB002D0040EB27 /* Resources */,
				D411D3E520EB003B0040EB27 /* Environments */,
			);
			path = GBShop;
			sourceTree = "<group>";
		};
		D411D3C720EAFB0B0040EB27 /* GBShopTests */ = {
			isa = PBXGroup;
			children = (
				D411D3C820EAFB0B0040EB27 /* GBShopTests.swift */,
				D411D3CA20EAFB0B0040EB27 /* Info.plist */,
			);
			path = GBShopTests;
			sourceTree = "<group>";
		};
		D411D3D220EAFB0B0040EB27 /* GBShopUITests */ = {
			isa = PBXGroup;
			children = (
				D411D3D320EAFB0B0040EB27 /* GBShopUITests.swift */,
				D411D3D520EAFB0B0040EB27 /* Info.plist */,
			);
			path = GBShopUITests;
			sourceTree = "<group>";
		};
		D411D3E120EAFFFE0040EB27 /* App */ = {
			isa = PBXGroup;
			children = (
				D411D3E820EB01F90040EB27 /* BussinessLogic */,
				D411D3E920EB02090040EB27 /* Entity */,
				D411D3EA20EB021E0040EB27 /* Assembly */,
			);
			path = App;
			sourceTree = "<group>";
		};
		D411D3E220EB000C0040EB27 /* Flows */ = {
			isa = PBXGroup;
			children = (
			);
			path = Flows;
			sourceTree = "<group>";
		};
		D411D3E320EB001C0040EB27 /* Core */ = {
			isa = PBXGroup;
			children = (
				D42535DF20EEE78800986A85 /* Network */,
			);
			path = Core;
			sourceTree = "<group>";
		};
		D411D3E420EB002D0040EB27 /* Resources */ = {
			isa = PBXGroup;
			children = (
				D411D3BA20EAFB0B0040EB27 /* Assets.xcassets */,
				D411D3BC20EAFB0B0040EB27 /* LaunchScreen.storyboard */,
			);
			path = Resources;
			sourceTree = "<group>";
		};
		D411D3E520EB003B0040EB27 /* Environments */ = {
			isa = PBXGroup;
			children = (
				D411D3BF20EAFB0B0040EB27 /* Info.plist */,
			);
			path = Environments;
			sourceTree = "<group>";
		};
		D411D3E820EB01F90040EB27 /* BussinessLogic */ = {
			isa = PBXGroup;
			children = (
				D42535EE20EEF6DC00986A85 /* Network */,
				D411D3EB20EB024D0040EB27 /* AppDelegate */,
			);
			path = BussinessLogic;
			sourceTree = "<group>";
		};
		D411D3E920EB02090040EB27 /* Entity */ = {
			isa = PBXGroup;
			children = (
				D42535EA20EEF67900986A85 /* LoginResult.swift */,
				D42535EC20EEF69700986A85 /* User.swift */,
				D42535F520EEFF0200986A85 /* RegistrationResult.swift */,
				D425360120EF06DF00986A85 /* ChangeUserDataResult.swift */,
				D425360920EF0B0B00986A85 /* LogoutResult.swift */,
			);
			path = Entity;
			sourceTree = "<group>";
		};
		D411D3EA20EB021E0040EB27 /* Assembly */ = {
			isa = PBXGroup;
			children = (
				D42535F320EEFB2000986A85 /* RequestFactory.swift */,
			);
			path = Assembly;
			sourceTree = "<group>";
		};
		D411D3EB20EB024D0040EB27 /* AppDelegate */ = {
			isa = PBXGroup;
			children = (
				D411D3B320EAFB0B0040EB27 /* AppDelegate.swift */,
			);
			path = AppDelegate;
			sourceTree = "<group>";
		};
		D42535DF20EEE78800986A85 /* Network */ = {
			isa = PBXGroup;
			children = (
				D42535E020EEE7B200986A85 /* AbstractErrorParser.swift */,
				D42535E220EEE7FB00986A85 /* ErrorParser.swift */,
				D42535E420EEE85600986A85 /* DataRequestExtension.swift */,
				D42535E620EEF04C00986A85 /* AbstractRequestFaсtory.swift */,
				D42535E820EEF50200986A85 /* RequestRouter.swift */,
			);
			path = Network;
			sourceTree = "<group>";
		};
		D42535EE20EEF6DC00986A85 /* Network */ = {
			isa = PBXGroup;
			children = (
				D42535F720EEFFA200986A85 /* BaseRequestPerformer.swift */,
				D480464120F2ED0800E78A72 /* BaseURLConfigurator.swift */,
				D480464320F2EDA400E78A72 /* URLConfiguration.swift */,
				D42535FB20EF005E00986A85 /* Auth */,
				D425360320EF074400986A85 /* ChangeUserData */,
			);
			path = Network;
			sourceTree = "<group>";
		};
		D42535FB20EF005E00986A85 /* Auth */ = {
			isa = PBXGroup;
			children = (
				D42535EF20EEF7FA00986A85 /* AuthRequestFactory.swift */,
				D42535F120EEF92400986A85 /* AuthRequestPerformer.swift */,
				D42535FF20EF011200986A85 /* RegistrationParams.swift */,
			);
			path = Auth;
			sourceTree = "<group>";
		};
		D425360320EF074400986A85 /* ChangeUserData */ = {
			isa = PBXGroup;
			children = (
				D425360420EF079B00986A85 /* ChangeUserDataRequestFactory.swift */,
				D425360620EF080B00986A85 /* ChangeUserDataRequestPerformer.swift */,
			);
			path = ChangeUserData;
			sourceTree = "<group>";
		};
/* End PBXGroup section */

/* Begin PBXNativeTarget section */
		D411D3AF20EAFB0B0040EB27 /* GBShop */ = {
			isa = PBXNativeTarget;
			buildConfigurationList = D411D3D820EAFB0B0040EB27 /* Build configuration list for PBXNativeTarget "GBShop" */;
			buildPhases = (
				C8281AFFA581DE44EEFA05D4 /* [CP] Check Pods Manifest.lock */,
				D411D3AC20EAFB0B0040EB27 /* Sources */,
				D411D3AD20EAFB0B0040EB27 /* Frameworks */,
				D411D3AE20EAFB0B0040EB27 /* Resources */,
				6C98C469D1929AF2C9F66935 /* [CP] Embed Pods Frameworks */,
			);
			buildRules = (
			);
			dependencies = (
			);
			name = GBShop;
			productName = GBShop;
			productReference = D411D3B020EAFB0B0040EB27 /* GBShop.app */;
			productType = "com.apple.product-type.application";
		};
		D411D3C320EAFB0B0040EB27 /* GBShopTests */ = {
			isa = PBXNativeTarget;
			buildConfigurationList = D411D3DB20EAFB0B0040EB27 /* Build configuration list for PBXNativeTarget "GBShopTests" */;
			buildPhases = (
				8D16D8BA8501F68CBDEA811C /* [CP] Check Pods Manifest.lock */,
				D411D3C020EAFB0B0040EB27 /* Sources */,
				D411D3C120EAFB0B0040EB27 /* Frameworks */,
				D411D3C220EAFB0B0040EB27 /* Resources */,
			);
			buildRules = (
			);
			dependencies = (
				D411D3C620EAFB0B0040EB27 /* PBXTargetDependency */,
			);
			name = GBShopTests;
			productName = GBShopTests;
			productReference = D411D3C420EAFB0B0040EB27 /* GBShopTests.xctest */;
			productType = "com.apple.product-type.bundle.unit-test";
		};
		D411D3CE20EAFB0B0040EB27 /* GBShopUITests */ = {
			isa = PBXNativeTarget;
			buildConfigurationList = D411D3DE20EAFB0B0040EB27 /* Build configuration list for PBXNativeTarget "GBShopUITests" */;
			buildPhases = (
				5C1E7E601C2DF76DA960DC4F /* [CP] Check Pods Manifest.lock */,
				D411D3CB20EAFB0B0040EB27 /* Sources */,
				D411D3CC20EAFB0B0040EB27 /* Frameworks */,
				D411D3CD20EAFB0B0040EB27 /* Resources */,
			);
			buildRules = (
			);
			dependencies = (
				D411D3D120EAFB0B0040EB27 /* PBXTargetDependency */,
			);
			name = GBShopUITests;
			productName = GBShopUITests;
			productReference = D411D3CF20EAFB0B0040EB27 /* GBShopUITests.xctest */;
			productType = "com.apple.product-type.bundle.ui-testing";
		};
/* End PBXNativeTarget section */

/* Begin PBXProject section */
		D411D3A820EAFB0A0040EB27 /* Project object */ = {
			isa = PBXProject;
			attributes = {
				LastSwiftUpdateCheck = 0940;
				LastUpgradeCheck = 0940;
				ORGANIZATIONNAME = Chernomor;
				TargetAttributes = {
					D411D3AF20EAFB0B0040EB27 = {
						CreatedOnToolsVersion = 9.4.1;
					};
					D411D3C320EAFB0B0040EB27 = {
						CreatedOnToolsVersion = 9.4.1;
						TestTargetID = D411D3AF20EAFB0B0040EB27;
					};
					D411D3CE20EAFB0B0040EB27 = {
						CreatedOnToolsVersion = 9.4.1;
						TestTargetID = D411D3AF20EAFB0B0040EB27;
					};
				};
			};
			buildConfigurationList = D411D3AB20EAFB0A0040EB27 /* Build configuration list for PBXProject "GBShop" */;
			compatibilityVersion = "Xcode 9.3";
			developmentRegion = en;
			hasScannedForEncodings = 0;
			knownRegions = (
				en,
				Base,
			);
			mainGroup = D411D3A720EAFB0A0040EB27;
			productRefGroup = D411D3B120EAFB0B0040EB27 /* Products */;
			projectDirPath = "";
			projectRoot = "";
			targets = (
				D411D3AF20EAFB0B0040EB27 /* GBShop */,
				D411D3C320EAFB0B0040EB27 /* GBShopTests */,
				D411D3CE20EAFB0B0040EB27 /* GBShopUITests */,
			);
		};
/* End PBXProject section */

/* Begin PBXResourcesBuildPhase section */
		D411D3AE20EAFB0B0040EB27 /* Resources */ = {
			isa = PBXResourcesBuildPhase;
			buildActionMask = 2147483647;
			files = (
				D411D3BE20EAFB0B0040EB27 /* LaunchScreen.storyboard in Resources */,
				D411D3BB20EAFB0B0040EB27 /* Assets.xcassets in Resources */,
			);
			runOnlyForDeploymentPostprocessing = 0;
		};
		D411D3C220EAFB0B0040EB27 /* Resources */ = {
			isa = PBXResourcesBuildPhase;
			buildActionMask = 2147483647;
			files = (
			);
			runOnlyForDeploymentPostprocessing = 0;
		};
		D411D3CD20EAFB0B0040EB27 /* Resources */ = {
			isa = PBXResourcesBuildPhase;
			buildActionMask = 2147483647;
			files = (
			);
			runOnlyForDeploymentPostprocessing = 0;
		};
/* End PBXResourcesBuildPhase section */

/* Begin PBXShellScriptBuildPhase section */
		5C1E7E601C2DF76DA960DC4F /* [CP] Check Pods Manifest.lock */ = {
			isa = PBXShellScriptBuildPhase;
			buildActionMask = 2147483647;
			files = (
			);
			inputPaths = (
				"${PODS_PODFILE_DIR_PATH}/Podfile.lock",
				"${PODS_ROOT}/Manifest.lock",
			);
			name = "[CP] Check Pods Manifest.lock";
			outputPaths = (
				"$(DERIVED_FILE_DIR)/Pods-GBShopUITests-checkManifestLockResult.txt",
			);
			runOnlyForDeploymentPostprocessing = 0;
			shellPath = /bin/sh;
			shellScript = "diff \"${PODS_PODFILE_DIR_PATH}/Podfile.lock\" \"${PODS_ROOT}/Manifest.lock\" > /dev/null\nif [ $? != 0 ] ; then\n    # print error to STDERR\n    echo \"error: The sandbox is not in sync with the Podfile.lock. Run 'pod install' or update your CocoaPods installation.\" >&2\n    exit 1\nfi\n# This output is used by Xcode 'outputs' to avoid re-running this script phase.\necho \"SUCCESS\" > \"${SCRIPT_OUTPUT_FILE_0}\"\n";
			showEnvVarsInLog = 0;
		};
		6C98C469D1929AF2C9F66935 /* [CP] Embed Pods Frameworks */ = {
			isa = PBXShellScriptBuildPhase;
			buildActionMask = 2147483647;
			files = (
			);
			inputPaths = (
				"${SRCROOT}/Pods/Target Support Files/Pods-GBShop/Pods-GBShop-frameworks.sh",
				"${BUILT_PRODUCTS_DIR}/Alamofire/Alamofire.framework",
			);
			name = "[CP] Embed Pods Frameworks";
			outputPaths = (
				"${TARGET_BUILD_DIR}/${FRAMEWORKS_FOLDER_PATH}/Alamofire.framework",
			);
			runOnlyForDeploymentPostprocessing = 0;
			shellPath = /bin/sh;
			shellScript = "\"${SRCROOT}/Pods/Target Support Files/Pods-GBShop/Pods-GBShop-frameworks.sh\"\n";
			showEnvVarsInLog = 0;
		};
		8D16D8BA8501F68CBDEA811C /* [CP] Check Pods Manifest.lock */ = {
			isa = PBXShellScriptBuildPhase;
			buildActionMask = 2147483647;
			files = (
			);
			inputPaths = (
				"${PODS_PODFILE_DIR_PATH}/Podfile.lock",
				"${PODS_ROOT}/Manifest.lock",
			);
			name = "[CP] Check Pods Manifest.lock";
			outputPaths = (
				"$(DERIVED_FILE_DIR)/Pods-GBShopTests-checkManifestLockResult.txt",
			);
			runOnlyForDeploymentPostprocessing = 0;
			shellPath = /bin/sh;
			shellScript = "diff \"${PODS_PODFILE_DIR_PATH}/Podfile.lock\" \"${PODS_ROOT}/Manifest.lock\" > /dev/null\nif [ $? != 0 ] ; then\n    # print error to STDERR\n    echo \"error: The sandbox is not in sync with the Podfile.lock. Run 'pod install' or update your CocoaPods installation.\" >&2\n    exit 1\nfi\n# This output is used by Xcode 'outputs' to avoid re-running this script phase.\necho \"SUCCESS\" > \"${SCRIPT_OUTPUT_FILE_0}\"\n";
			showEnvVarsInLog = 0;
		};
		C8281AFFA581DE44EEFA05D4 /* [CP] Check Pods Manifest.lock */ = {
			isa = PBXShellScriptBuildPhase;
			buildActionMask = 2147483647;
			files = (
			);
			inputPaths = (
				"${PODS_PODFILE_DIR_PATH}/Podfile.lock",
				"${PODS_ROOT}/Manifest.lock",
			);
			name = "[CP] Check Pods Manifest.lock";
			outputPaths = (
				"$(DERIVED_FILE_DIR)/Pods-GBShop-checkManifestLockResult.txt",
			);
			runOnlyForDeploymentPostprocessing = 0;
			shellPath = /bin/sh;
			shellScript = "diff \"${PODS_PODFILE_DIR_PATH}/Podfile.lock\" \"${PODS_ROOT}/Manifest.lock\" > /dev/null\nif [ $? != 0 ] ; then\n    # print error to STDERR\n    echo \"error: The sandbox is not in sync with the Podfile.lock. Run 'pod install' or update your CocoaPods installation.\" >&2\n    exit 1\nfi\n# This output is used by Xcode 'outputs' to avoid re-running this script phase.\necho \"SUCCESS\" > \"${SCRIPT_OUTPUT_FILE_0}\"\n";
			showEnvVarsInLog = 0;
		};
/* End PBXShellScriptBuildPhase section */

/* Begin PBXSourcesBuildPhase section */
		D411D3AC20EAFB0B0040EB27 /* Sources */ = {
			isa = PBXSourcesBuildPhase;
			buildActionMask = 2147483647;
			files = (
				D480464420F2EDA400E78A72 /* URLConfiguration.swift in Sources */,
				D42535F420EEFB2000986A85 /* RequestFactory.swift in Sources */,
				D480464220F2ED0800E78A72 /* BaseURLConfigurator.swift in Sources */,
				D411D3B420EAFB0B0040EB27 /* AppDelegate.swift in Sources */,
				D425360020EF011200986A85 /* RegistrationParams.swift in Sources */,
				D42535EB20EEF67900986A85 /* LoginResult.swift in Sources */,
				D42535E520EEE85600986A85 /* DataRequestExtension.swift in Sources */,
				D42535E920EEF50200986A85 /* RequestRouter.swift in Sources */,
				D425360220EF06DF00986A85 /* ChangeUserDataResult.swift in Sources */,
				D42535F820EEFFA200986A85 /* BaseRequestPerformer.swift in Sources */,
				D42535ED20EEF69700986A85 /* User.swift in Sources */,
				D42535F220EEF92400986A85 /* AuthRequestPerformer.swift in Sources */,
				D42535F020EEF7FA00986A85 /* AuthRequestFactory.swift in Sources */,
				D42535E320EEE7FB00986A85 /* ErrorParser.swift in Sources */,
				D425360520EF079B00986A85 /* ChangeUserDataRequestFactory.swift in Sources */,
				D42535F620EEFF0200986A85 /* RegistrationResult.swift in Sources */,
				D425360720EF080B00986A85 /* ChangeUserDataRequestPerformer.swift in Sources */,
				D42535E120EEE7B200986A85 /* AbstractErrorParser.swift in Sources */,
				D425360A20EF0B0B00986A85 /* LogoutResult.swift in Sources */,
				D42535E720EEF04C00986A85 /* AbstractRequestFaсtory.swift in Sources */,
			);
			runOnlyForDeploymentPostprocessing = 0;
		};
		D411D3C020EAFB0B0040EB27 /* Sources */ = {
			isa = PBXSourcesBuildPhase;
			buildActionMask = 2147483647;
			files = (
				D411D3C920EAFB0B0040EB27 /* GBShopTests.swift in Sources */,
			);
			runOnlyForDeploymentPostprocessing = 0;
		};
		D411D3CB20EAFB0B0040EB27 /* Sources */ = {
			isa = PBXSourcesBuildPhase;
			buildActionMask = 2147483647;
			files = (
				D411D3D420EAFB0B0040EB27 /* GBShopUITests.swift in Sources */,
			);
			runOnlyForDeploymentPostprocessing = 0;
		};
/* End PBXSourcesBuildPhase section */

/* Begin PBXTargetDependency section */
		D411D3C620EAFB0B0040EB27 /* PBXTargetDependency */ = {
			isa = PBXTargetDependency;
			target = D411D3AF20EAFB0B0040EB27 /* GBShop */;
			targetProxy = D411D3C520EAFB0B0040EB27 /* PBXContainerItemProxy */;
		};
		D411D3D120EAFB0B0040EB27 /* PBXTargetDependency */ = {
			isa = PBXTargetDependency;
			target = D411D3AF20EAFB0B0040EB27 /* GBShop */;
			targetProxy = D411D3D020EAFB0B0040EB27 /* PBXContainerItemProxy */;
		};
/* End PBXTargetDependency section */

/* Begin PBXVariantGroup section */
		D411D3BC20EAFB0B0040EB27 /* LaunchScreen.storyboard */ = {
			isa = PBXVariantGroup;
			children = (
				D411D3BD20EAFB0B0040EB27 /* Base */,
			);
			name = LaunchScreen.storyboard;
			sourceTree = "<group>";
		};
/* End PBXVariantGroup section */

/* Begin XCBuildConfiguration section */
		D411D3D620EAFB0B0040EB27 /* Debug */ = {
			isa = XCBuildConfiguration;
			buildSettings = {
				ALWAYS_SEARCH_USER_PATHS = NO;
				CLANG_ANALYZER_NONNULL = YES;
				CLANG_ANALYZER_NUMBER_OBJECT_CONVERSION = YES_AGGRESSIVE;
				CLANG_CXX_LANGUAGE_STANDARD = "gnu++14";
				CLANG_CXX_LIBRARY = "libc++";
				CLANG_ENABLE_MODULES = YES;
				CLANG_ENABLE_OBJC_ARC = YES;
				CLANG_ENABLE_OBJC_WEAK = YES;
				CLANG_WARN_BLOCK_CAPTURE_AUTORELEASING = YES;
				CLANG_WARN_BOOL_CONVERSION = YES;
				CLANG_WARN_COMMA = YES;
				CLANG_WARN_CONSTANT_CONVERSION = YES;
				CLANG_WARN_DEPRECATED_OBJC_IMPLEMENTATIONS = YES;
				CLANG_WARN_DIRECT_OBJC_ISA_USAGE = YES_ERROR;
				CLANG_WARN_DOCUMENTATION_COMMENTS = YES;
				CLANG_WARN_EMPTY_BODY = YES;
				CLANG_WARN_ENUM_CONVERSION = YES;
				CLANG_WARN_INFINITE_RECURSION = YES;
				CLANG_WARN_INT_CONVERSION = YES;
				CLANG_WARN_NON_LITERAL_NULL_CONVERSION = YES;
				CLANG_WARN_OBJC_IMPLICIT_RETAIN_SELF = YES;
				CLANG_WARN_OBJC_LITERAL_CONVERSION = YES;
				CLANG_WARN_OBJC_ROOT_CLASS = YES_ERROR;
				CLANG_WARN_RANGE_LOOP_ANALYSIS = YES;
				CLANG_WARN_STRICT_PROTOTYPES = YES;
				CLANG_WARN_SUSPICIOUS_MOVE = YES;
				CLANG_WARN_UNGUARDED_AVAILABILITY = YES_AGGRESSIVE;
				CLANG_WARN_UNREACHABLE_CODE = YES;
				CLANG_WARN__DUPLICATE_METHOD_MATCH = YES;
				CODE_SIGN_IDENTITY = "iPhone Developer";
				COPY_PHASE_STRIP = NO;
				DEBUG_INFORMATION_FORMAT = dwarf;
				ENABLE_STRICT_OBJC_MSGSEND = YES;
				ENABLE_TESTABILITY = YES;
				GCC_C_LANGUAGE_STANDARD = gnu11;
				GCC_DYNAMIC_NO_PIC = NO;
				GCC_NO_COMMON_BLOCKS = YES;
				GCC_OPTIMIZATION_LEVEL = 0;
				GCC_PREPROCESSOR_DEFINITIONS = (
					"DEBUG=1",
					"$(inherited)",
				);
				GCC_WARN_64_TO_32_BIT_CONVERSION = YES;
				GCC_WARN_ABOUT_RETURN_TYPE = YES_ERROR;
				GCC_WARN_UNDECLARED_SELECTOR = YES;
				GCC_WARN_UNINITIALIZED_AUTOS = YES_AGGRESSIVE;
				GCC_WARN_UNUSED_FUNCTION = YES;
				GCC_WARN_UNUSED_VARIABLE = YES;
				IPHONEOS_DEPLOYMENT_TARGET = 11.4;
				MTL_ENABLE_DEBUG_INFO = YES;
				ONLY_ACTIVE_ARCH = YES;
				SDKROOT = iphoneos;
				SWIFT_ACTIVE_COMPILATION_CONDITIONS = DEBUG;
				SWIFT_OPTIMIZATION_LEVEL = "-Onone";
			};
			name = Debug;
		};
		D411D3D720EAFB0B0040EB27 /* Release */ = {
			isa = XCBuildConfiguration;
			buildSettings = {
				ALWAYS_SEARCH_USER_PATHS = NO;
				CLANG_ANALYZER_NONNULL = YES;
				CLANG_ANALYZER_NUMBER_OBJECT_CONVERSION = YES_AGGRESSIVE;
				CLANG_CXX_LANGUAGE_STANDARD = "gnu++14";
				CLANG_CXX_LIBRARY = "libc++";
				CLANG_ENABLE_MODULES = YES;
				CLANG_ENABLE_OBJC_ARC = YES;
				CLANG_ENABLE_OBJC_WEAK = YES;
				CLANG_WARN_BLOCK_CAPTURE_AUTORELEASING = YES;
				CLANG_WARN_BOOL_CONVERSION = YES;
				CLANG_WARN_COMMA = YES;
				CLANG_WARN_CONSTANT_CONVERSION = YES;
				CLANG_WARN_DEPRECATED_OBJC_IMPLEMENTATIONS = YES;
				CLANG_WARN_DIRECT_OBJC_ISA_USAGE = YES_ERROR;
				CLANG_WARN_DOCUMENTATION_COMMENTS = YES;
				CLANG_WARN_EMPTY_BODY = YES;
				CLANG_WARN_ENUM_CONVERSION = YES;
				CLANG_WARN_INFINITE_RECURSION = YES;
				CLANG_WARN_INT_CONVERSION = YES;
				CLANG_WARN_NON_LITERAL_NULL_CONVERSION = YES;
				CLANG_WARN_OBJC_IMPLICIT_RETAIN_SELF = YES;
				CLANG_WARN_OBJC_LITERAL_CONVERSION = YES;
				CLANG_WARN_OBJC_ROOT_CLASS = YES_ERROR;
				CLANG_WARN_RANGE_LOOP_ANALYSIS = YES;
				CLANG_WARN_STRICT_PROTOTYPES = YES;
				CLANG_WARN_SUSPICIOUS_MOVE = YES;
				CLANG_WARN_UNGUARDED_AVAILABILITY = YES_AGGRESSIVE;
				CLANG_WARN_UNREACHABLE_CODE = YES;
				CLANG_WARN__DUPLICATE_METHOD_MATCH = YES;
				CODE_SIGN_IDENTITY = "iPhone Developer";
				COPY_PHASE_STRIP = NO;
				DEBUG_INFORMATION_FORMAT = "dwarf-with-dsym";
				ENABLE_NS_ASSERTIONS = NO;
				ENABLE_STRICT_OBJC_MSGSEND = YES;
				GCC_C_LANGUAGE_STANDARD = gnu11;
				GCC_NO_COMMON_BLOCKS = YES;
				GCC_WARN_64_TO_32_BIT_CONVERSION = YES;
				GCC_WARN_ABOUT_RETURN_TYPE = YES_ERROR;
				GCC_WARN_UNDECLARED_SELECTOR = YES;
				GCC_WARN_UNINITIALIZED_AUTOS = YES_AGGRESSIVE;
				GCC_WARN_UNUSED_FUNCTION = YES;
				GCC_WARN_UNUSED_VARIABLE = YES;
				IPHONEOS_DEPLOYMENT_TARGET = 11.4;
				MTL_ENABLE_DEBUG_INFO = NO;
				SDKROOT = iphoneos;
				SWIFT_COMPILATION_MODE = wholemodule;
				SWIFT_OPTIMIZATION_LEVEL = "-O";
				VALIDATE_PRODUCT = YES;
			};
			name = Release;
		};
		D411D3D920EAFB0B0040EB27 /* Debug */ = {
			isa = XCBuildConfiguration;
			baseConfigurationReference = 37CB7A5236255F8502CE3323 /* Pods-GBShop.debug.xcconfig */;
			buildSettings = {
				ASSETCATALOG_COMPILER_APPICON_NAME = AppIcon;
				CODE_SIGN_STYLE = Automatic;
				DEVELOPMENT_TEAM = MLL2QM4L99;
				INFOPLIST_FILE = "$(SRCROOT)/GBShop/Environments/Info.plist";
				IPHONEOS_DEPLOYMENT_TARGET = 10.0;
				LD_RUNPATH_SEARCH_PATHS = (
					"$(inherited)",
					"@executable_path/Frameworks",
				);
				PRODUCT_BUNDLE_IDENTIFIER = com.chernomor.GBShop;
				PRODUCT_NAME = "$(TARGET_NAME)";
				SWIFT_VERSION = 4.0;
				TARGETED_DEVICE_FAMILY = "1,2";
			};
			name = Debug;
		};
		D411D3DA20EAFB0B0040EB27 /* Release */ = {
			isa = XCBuildConfiguration;
			baseConfigurationReference = E4C84B3397E4649FA125EFEA /* Pods-GBShop.release.xcconfig */;
			buildSettings = {
				ASSETCATALOG_COMPILER_APPICON_NAME = AppIcon;
				CODE_SIGN_STYLE = Automatic;
				DEVELOPMENT_TEAM = MLL2QM4L99;
				INFOPLIST_FILE = "$(SRCROOT)/GBShop/Environments/Info.plist";
				IPHONEOS_DEPLOYMENT_TARGET = 10.0;
				LD_RUNPATH_SEARCH_PATHS = (
					"$(inherited)",
					"@executable_path/Frameworks",
				);
				PRODUCT_BUNDLE_IDENTIFIER = com.chernomor.GBShop;
				PRODUCT_NAME = "$(TARGET_NAME)";
				SWIFT_VERSION = 4.0;
				TARGETED_DEVICE_FAMILY = "1,2";
			};
			name = Release;
		};
		D411D3DC20EAFB0B0040EB27 /* Debug */ = {
			isa = XCBuildConfiguration;
			baseConfigurationReference = BE95CDF8850DF1B8C0C0F25B /* Pods-GBShopTests.debug.xcconfig */;
			buildSettings = {
				ALWAYS_EMBED_SWIFT_STANDARD_LIBRARIES = YES;
				BUNDLE_LOADER = "$(TEST_HOST)";
				CODE_SIGN_STYLE = Automatic;
				DEVELOPMENT_TEAM = MLL2QM4L99;
				INFOPLIST_FILE = GBShopTests/Info.plist;
				LD_RUNPATH_SEARCH_PATHS = (
					"$(inherited)",
					"@executable_path/Frameworks",
					"@loader_path/Frameworks",
				);
				PRODUCT_BUNDLE_IDENTIFIER = com.chernomor.GBShopTests;
				PRODUCT_NAME = "$(TARGET_NAME)";
				SWIFT_VERSION = 4.0;
				TARGETED_DEVICE_FAMILY = "1,2";
				TEST_HOST = "$(BUILT_PRODUCTS_DIR)/GBShop.app/GBShop";
			};
			name = Debug;
		};
		D411D3DD20EAFB0B0040EB27 /* Release */ = {
			isa = XCBuildConfiguration;
			baseConfigurationReference = 5EA5DAB0D69FF34C52B6658F /* Pods-GBShopTests.release.xcconfig */;
			buildSettings = {
				ALWAYS_EMBED_SWIFT_STANDARD_LIBRARIES = YES;
				BUNDLE_LOADER = "$(TEST_HOST)";
				CODE_SIGN_STYLE = Automatic;
				DEVELOPMENT_TEAM = MLL2QM4L99;
				INFOPLIST_FILE = GBShopTests/Info.plist;
				LD_RUNPATH_SEARCH_PATHS = (
					"$(inherited)",
					"@executable_path/Frameworks",
					"@loader_path/Frameworks",
				);
				PRODUCT_BUNDLE_IDENTIFIER = com.chernomor.GBShopTests;
				PRODUCT_NAME = "$(TARGET_NAME)";
				SWIFT_VERSION = 4.0;
				TARGETED_DEVICE_FAMILY = "1,2";
				TEST_HOST = "$(BUILT_PRODUCTS_DIR)/GBShop.app/GBShop";
			};
			name = Release;
		};
		D411D3DF20EAFB0B0040EB27 /* Debug */ = {
			isa = XCBuildConfiguration;
			baseConfigurationReference = 548C9DEE7BE374C1461616C2 /* Pods-GBShopUITests.debug.xcconfig */;
			buildSettings = {
				ALWAYS_EMBED_SWIFT_STANDARD_LIBRARIES = YES;
				CODE_SIGN_STYLE = Automatic;
				DEVELOPMENT_TEAM = MLL2QM4L99;
				INFOPLIST_FILE = GBShopUITests/Info.plist;
				LD_RUNPATH_SEARCH_PATHS = (
					"$(inherited)",
					"@executable_path/Frameworks",
					"@loader_path/Frameworks",
				);
				PRODUCT_BUNDLE_IDENTIFIER = com.chernomor.GBShopUITests;
				PRODUCT_NAME = "$(TARGET_NAME)";
				SWIFT_VERSION = 4.0;
				TARGETED_DEVICE_FAMILY = "1,2";
				TEST_TARGET_NAME = GBShop;
			};
			name = Debug;
		};
		D411D3E020EAFB0B0040EB27 /* Release */ = {
			isa = XCBuildConfiguration;
			baseConfigurationReference = EEB0AEBF4C6BFCEB789C3D39 /* Pods-GBShopUITests.release.xcconfig */;
			buildSettings = {
				ALWAYS_EMBED_SWIFT_STANDARD_LIBRARIES = YES;
				CODE_SIGN_STYLE = Automatic;
				DEVELOPMENT_TEAM = MLL2QM4L99;
				INFOPLIST_FILE = GBShopUITests/Info.plist;
				LD_RUNPATH_SEARCH_PATHS = (
					"$(inherited)",
					"@executable_path/Frameworks",
					"@loader_path/Frameworks",
				);
				PRODUCT_BUNDLE_IDENTIFIER = com.chernomor.GBShopUITests;
				PRODUCT_NAME = "$(TARGET_NAME)";
				SWIFT_VERSION = 4.0;
				TARGETED_DEVICE_FAMILY = "1,2";
				TEST_TARGET_NAME = GBShop;
			};
			name = Release;
		};
/* End XCBuildConfiguration section */

/* Begin XCConfigurationList section */
		D411D3AB20EAFB0A0040EB27 /* Build configuration list for PBXProject "GBShop" */ = {
			isa = XCConfigurationList;
			buildConfigurations = (
				D411D3D620EAFB0B0040EB27 /* Debug */,
				D411D3D720EAFB0B0040EB27 /* Release */,
			);
			defaultConfigurationIsVisible = 0;
			defaultConfigurationName = Release;
		};
		D411D3D820EAFB0B0040EB27 /* Build configuration list for PBXNativeTarget "GBShop" */ = {
			isa = XCConfigurationList;
			buildConfigurations = (
				D411D3D920EAFB0B0040EB27 /* Debug */,
				D411D3DA20EAFB0B0040EB27 /* Release */,
			);
			defaultConfigurationIsVisible = 0;
			defaultConfigurationName = Release;
		};
		D411D3DB20EAFB0B0040EB27 /* Build configuration list for PBXNativeTarget "GBShopTests" */ = {
			isa = XCConfigurationList;
			buildConfigurations = (
				D411D3DC20EAFB0B0040EB27 /* Debug */,
				D411D3DD20EAFB0B0040EB27 /* Release */,
			);
			defaultConfigurationIsVisible = 0;
			defaultConfigurationName = Release;
		};
		D411D3DE20EAFB0B0040EB27 /* Build configuration list for PBXNativeTarget "GBShopUITests" */ = {
			isa = XCConfigurationList;
			buildConfigurations = (
				D411D3DF20EAFB0B0040EB27 /* Debug */,
				D411D3E020EAFB0B0040EB27 /* Release */,
			);
			defaultConfigurationIsVisible = 0;
			defaultConfigurationName = Release;
		};
/* End XCConfigurationList section */
	};
	rootObject = D411D3A820EAFB0A0040EB27 /* Project object */;
}
