// !$*UTF8*$!
{
	archiveVersion = 1;
	classes = {
	};
	objectVersion = 50;
	objects = {

/* Begin PBXBuildFile section */
		D411D3B420EAFB0B0040EB27 /* AppDelegate.swift in Sources */ = {isa = PBXBuildFile; fileRef = D411D3B320EAFB0B0040EB27 /* AppDelegate.swift */; };
		D411D3BB20EAFB0B0040EB27 /* Assets.xcassets in Resources */ = {isa = PBXBuildFile; fileRef = D411D3BA20EAFB0B0040EB27 /* Assets.xcassets */; };
		D411D3BE20EAFB0B0040EB27 /* LaunchScreen.storyboard in Resources */ = {isa = PBXBuildFile; fileRef = D411D3BC20EAFB0B0040EB27 /* LaunchScreen.storyboard */; };
		D411D3C920EAFB0B0040EB27 /* GBShopTests.swift in Sources */ = {isa = PBXBuildFile; fileRef = D411D3C820EAFB0B0040EB27 /* GBShopTests.swift */; };
		D411D3D420EAFB0B0040EB27 /* GBShopUITests.swift in Sources */ = {isa = PBXBuildFile; fileRef = D411D3D320EAFB0B0040EB27 /* GBShopUITests.swift */; };
/* End PBXBuildFile section */

/* Begin PBXContainerItemProxy section */
		D411D3C520EAFB0B0040EB27 /* PBXContainerItemProxy */ = {
			isa = PBXContainerItemProxy;
			containerPortal = D411D3A820EAFB0A0040EB27 /* Project object */;
			proxyType = 1;
			remoteGlobalIDString = D411D3AF20EAFB0B0040EB27;
			remoteInfo = GBShop;
		};
		D411D3D020EAFB0B0040EB27 /* PBXContainerItemProxy */ = {
			isa = PBXContainerItemProxy;
			containerPortal = D411D3A820EAFB0A0040EB27 /* Project object */;
			proxyType = 1;
			remoteGlobalIDString = D411D3AF20EAFB0B0040EB27;
			remoteInfo = GBShop;
		};
/* End PBXContainerItemProxy section */

/* Begin PBXFileReference section */
		D411D3B020EAFB0B0040EB27 /* GBShop.app */ = {isa = PBXFileReference; explicitFileType = wrapper.application; includeInIndex = 0; path = GBShop.app; sourceTree = BUILT_PRODUCTS_DIR; };
		D411D3B320EAFB0B0040EB27 /* AppDelegate.swift */ = {isa = PBXFileReference; lastKnownFileType = sourcecode.swift; path = AppDelegate.swift; sourceTree = "<group>"; };
		D411D3BA20EAFB0B0040EB27 /* Assets.xcassets */ = {isa = PBXFileReference; lastKnownFileType = folder.assetcatalog; path = Assets.xcassets; sourceTree = "<group>"; };
		D411D3BD20EAFB0B0040EB27 /* Base */ = {isa = PBXFileReference; lastKnownFileType = file.storyboard; name = Base; path = Base.lproj/LaunchScreen.storyboard; sourceTree = "<group>"; };
		D411D3BF20EAFB0B0040EB27 /* Info.plist */ = {isa = PBXFileReference; lastKnownFileType = text.plist.xml; path = Info.plist; sourceTree = "<group>"; };
		D411D3C420EAFB0B0040EB27 /* GBShopTests.xctest */ = {isa = PBXFileReference; explicitFileType = wrapper.cfbundle; includeInIndex = 0; path = GBShopTests.xctest; sourceTree = BUILT_PRODUCTS_DIR; };
		D411D3C820EAFB0B0040EB27 /* GBShopTests.swift */ = {isa = PBXFileReference; lastKnownFileType = sourcecode.swift; path = GBShopTests.swift; sourceTree = "<group>"; };
		D411D3CA20EAFB0B0040EB27 /* Info.plist */ = {isa = PBXFileReference; lastKnownFileType = text.plist.xml; path = Info.plist; sourceTree = "<group>"; };
		D411D3CF20EAFB0B0040EB27 /* GBShopUITests.xctest */ = {isa = PBXFileReference; explicitFileType = wrapper.cfbundle; includeInIndex = 0; path = GBShopUITests.xctest; sourceTree = BUILT_PRODUCTS_DIR; };
		D411D3D320EAFB0B0040EB27 /* GBShopUITests.swift */ = {isa = PBXFileReference; lastKnownFileType = sourcecode.swift; path = GBShopUITests.swift; sourceTree = "<group>"; };
		D411D3D520EAFB0B0040EB27 /* Info.plist */ = {isa = PBXFileReference; lastKnownFileType = text.plist.xml; path = Info.plist; sourceTree = "<group>"; };
/* End PBXFileReference section */

/* Begin PBXFrameworksBuildPhase section */
		D411D3AD20EAFB0B0040EB27 /* Frameworks */ = {
			isa = PBXFrameworksBuildPhase;
			buildActionMask = 2147483647;
			files = (
			);
			runOnlyForDeploymentPostprocessing = 0;
		};
		D411D3C120EAFB0B0040EB27 /* Frameworks */ = {
			isa = PBXFrameworksBuildPhase;
			buildActionMask = 2147483647;
			files = (
			);
			runOnlyForDeploymentPostprocessing = 0;
		};
		D411D3CC20EAFB0B0040EB27 /* Frameworks */ = {
			isa = PBXFrameworksBuildPhase;
			buildActionMask = 2147483647;
			files = (
			);
			runOnlyForDeploymentPostprocessing = 0;
		};
/* End PBXFrameworksBuildPhase section */

/* Begin PBXGroup section */
		D411D3A720EAFB0A0040EB27 = {
			isa = PBXGroup;
			children = (
				D411D3B220EAFB0B0040EB27 /* GBShop */,
				D411D3C720EAFB0B0040EB27 /* GBShopTests */,
				D411D3D220EAFB0B0040EB27 /* GBShopUITests */,
				D411D3B120EAFB0B0040EB27 /* Products */,
			);
			sourceTree = "<group>";
		};
		D411D3B120EAFB0B0040EB27 /* Products */ = {
			isa = PBXGroup;
			children = (
				D411D3B020EAFB0B0040EB27 /* GBShop.app */,
				D411D3C420EAFB0B0040EB27 /* GBShopTests.xctest */,
				D411D3CF20EAFB0B0040EB27 /* GBShopUITests.xctest */,
			);
			name = Products;
			sourceTree = "<group>";
		};
		D411D3B220EAFB0B0040EB27 /* GBShop */ = {
			isa = PBXGroup;
			children = (
				D411D3B320EAFB0B0040EB27 /* AppDelegate.swift */,
				D411D3BA20EAFB0B0040EB27 /* Assets.xcassets */,
				D411D3BC20EAFB0B0040EB27 /* LaunchScreen.storyboard */,
				D411D3BF20EAFB0B0040EB27 /* Info.plist */,
			);
			path = GBShop;
			sourceTree = "<group>";
		};
		D411D3C720EAFB0B0040EB27 /* GBShopTests */ = {
			isa = PBXGroup;
			children = (
				D411D3C820EAFB0B0040EB27 /* GBShopTests.swift */,
				D411D3CA20EAFB0B0040EB27 /* Info.plist */,
			);
			path = GBShopTests;
			sourceTree = "<group>";
		};
		D411D3D220EAFB0B0040EB27 /* GBShopUITests */ = {
			isa = PBXGroup;
			children = (
				D411D3D320EAFB0B0040EB27 /* GBShopUITests.swift */,
				D411D3D520EAFB0B0040EB27 /* Info.plist */,
			);
			path = GBShopUITests;
			sourceTree = "<group>";
		};
/* End PBXGroup section */

/* Begin PBXNativeTarget section */
		D411D3AF20EAFB0B0040EB27 /* GBShop */ = {
			isa = PBXNativeTarget;
			buildConfigurationList = D411D3D820EAFB0B0040EB27 /* Build configuration list for PBXNativeTarget "GBShop" */;
			buildPhases = (
				D411D3AC20EAFB0B0040EB27 /* Sources */,
				D411D3AD20EAFB0B0040EB27 /* Frameworks */,
				D411D3AE20EAFB0B0040EB27 /* Resources */,
			);
			buildRules = (
			);
			dependencies = (
			);
			name = GBShop;
			productName = GBShop;
			productReference = D411D3B020EAFB0B0040EB27 /* GBShop.app */;
			productType = "com.apple.product-type.application";
		};
		D411D3C320EAFB0B0040EB27 /* GBShopTests */ = {
			isa = PBXNativeTarget;
			buildConfigurationList = D411D3DB20EAFB0B0040EB27 /* Build configuration list for PBXNativeTarget "GBShopTests" */;
			buildPhases = (
				D411D3C020EAFB0B0040EB27 /* Sources */,
				D411D3C120EAFB0B0040EB27 /* Frameworks */,
				D411D3C220EAFB0B0040EB27 /* Resources */,
			);
			buildRules = (
			);
			dependencies = (
				D411D3C620EAFB0B0040EB27 /* PBXTargetDependency */,
			);
			name = GBShopTests;
			productName = GBShopTests;
			productReference = D411D3C420EAFB0B0040EB27 /* GBShopTests.xctest */;
			productType = "com.apple.product-type.bundle.unit-test";
		};
		D411D3CE20EAFB0B0040EB27 /* GBShopUITests */ = {
			isa = PBXNativeTarget;
			buildConfigurationList = D411D3DE20EAFB0B0040EB27 /* Build configuration list for PBXNativeTarget "GBShopUITests" */;
			buildPhases = (
				D411D3CB20EAFB0B0040EB27 /* Sources */,
				D411D3CC20EAFB0B0040EB27 /* Frameworks */,
				D411D3CD20EAFB0B0040EB27 /* Resources */,
			);
			buildRules = (
			);
			dependencies = (
				D411D3D120EAFB0B0040EB27 /* PBXTargetDependency */,
			);
			name = GBShopUITests;
			productName = GBShopUITests;
			productReference = D411D3CF20EAFB0B0040EB27 /* GBShopUITests.xctest */;
			productType = "com.apple.product-type.bundle.ui-testing";
		};
/* End PBXNativeTarget section */

/* Begin PBXProject section */
		D411D3A820EAFB0A0040EB27 /* Project object */ = {
			isa = PBXProject;
			attributes = {
				LastSwiftUpdateCheck = 0940;
				LastUpgradeCheck = 0940;
				ORGANIZATIONNAME = Chernomor;
				TargetAttributes = {
					D411D3AF20EAFB0B0040EB27 = {
						CreatedOnToolsVersion = 9.4.1;
					};
					D411D3C320EAFB0B0040EB27 = {
						CreatedOnToolsVersion = 9.4.1;
						TestTargetID = D411D3AF20EAFB0B0040EB27;
					};
					D411D3CE20EAFB0B0040EB27 = {
						CreatedOnToolsVersion = 9.4.1;
						TestTargetID = D411D3AF20EAFB0B0040EB27;
					};
				};
			};
			buildConfigurationList = D411D3AB20EAFB0A0040EB27 /* Build configuration list for PBXProject "GBShop" */;
			compatibilityVersion = "Xcode 9.3";
			developmentRegion = en;
			hasScannedForEncodings = 0;
			knownRegions = (
				en,
				Base,
			);
			mainGroup = D411D3A720EAFB0A0040EB27;
			productRefGroup = D411D3B120EAFB0B0040EB27 /* Products */;
			projectDirPath = "";
			projectRoot = "";
			targets = (
				D411D3AF20EAFB0B0040EB27 /* GBShop */,
				D411D3C320EAFB0B0040EB27 /* GBShopTests */,
				D411D3CE20EAFB0B0040EB27 /* GBShopUITests */,
			);
		};
/* End PBXProject section */

/* Begin PBXResourcesBuildPhase section */
		D411D3AE20EAFB0B0040EB27 /* Resources */ = {
			isa = PBXResourcesBuildPhase;
			buildActionMask = 2147483647;
			files = (
				D411D3BE20EAFB0B0040EB27 /* LaunchScreen.storyboard in Resources */,
				D411D3BB20EAFB0B0040EB27 /* Assets.xcassets in Resources */,
			);
			runOnlyForDeploymentPostprocessing = 0;
		};
		D411D3C220EAFB0B0040EB27 /* Resources */ = {
			isa = PBXResourcesBuildPhase;
			buildActionMask = 2147483647;
			files = (
			);
			runOnlyForDeploymentPostprocessing = 0;
		};
		D411D3CD20EAFB0B0040EB27 /* Resources */ = {
			isa = PBXResourcesBuildPhase;
			buildActionMask = 2147483647;
			files = (
			);
			runOnlyForDeploymentPostprocessing = 0;
		};
/* End PBXResourcesBuildPhase section */

/* Begin PBXSourcesBuildPhase section */
		D411D3AC20EAFB0B0040EB27 /* Sources */ = {
			isa = PBXSourcesBuildPhase;
			buildActionMask = 2147483647;
			files = (
				D411D3B420EAFB0B0040EB27 /* AppDelegate.swift in Sources */,
			);
			runOnlyForDeploymentPostprocessing = 0;
		};
		D411D3C020EAFB0B0040EB27 /* Sources */ = {
			isa = PBXSourcesBuildPhase;
			buildActionMask = 2147483647;
			files = (
				D411D3C920EAFB0B0040EB27 /* GBShopTests.swift in Sources */,
			);
			runOnlyForDeploymentPostprocessing = 0;
		};
		D411D3CB20EAFB0B0040EB27 /* Sources */ = {
			isa = PBXSourcesBuildPhase;
			buildActionMask = 2147483647;
			files = (
				D411D3D420EAFB0B0040EB27 /* GBShopUITests.swift in Sources */,
			);
			runOnlyForDeploymentPostprocessing = 0;
		};
/* End PBXSourcesBuildPhase section */

/* Begin PBXTargetDependency section */
		D411D3C620EAFB0B0040EB27 /* PBXTargetDependency */ = {
			isa = PBXTargetDependency;
			target = D411D3AF20EAFB0B0040EB27 /* GBShop */;
			targetProxy = D411D3C520EAFB0B0040EB27 /* PBXContainerItemProxy */;
		};
		D411D3D120EAFB0B0040EB27 /* PBXTargetDependency */ = {
			isa = PBXTargetDependency;
			target = D411D3AF20EAFB0B0040EB27 /* GBShop */;
			targetProxy = D411D3D020EAFB0B0040EB27 /* PBXContainerItemProxy */;
		};
/* End PBXTargetDependency section */

/* Begin PBXVariantGroup section */
		D411D3BC20EAFB0B0040EB27 /* LaunchScreen.storyboard */ = {
			isa = PBXVariantGroup;
			children = (
				D411D3BD20EAFB0B0040EB27 /* Base */,
			);
			name = LaunchScreen.storyboard;
			sourceTree = "<group>";
		};
/* End PBXVariantGroup section */

/* Begin XCBuildConfiguration section */
		D411D3D620EAFB0B0040EB27 /* Debug */ = {
			isa = XCBuildConfiguration;
			buildSettings = {
				ALWAYS_SEARCH_USER_PATHS = NO;
				CLANG_ANALYZER_NONNULL = YES;
				CLANG_ANALYZER_NUMBER_OBJECT_CONVERSION = YES_AGGRESSIVE;
				CLANG_CXX_LANGUAGE_STANDARD = "gnu++14";
				CLANG_CXX_LIBRARY = "libc++";
				CLANG_ENABLE_MODULES = YES;
				CLANG_ENABLE_OBJC_ARC = YES;
				CLANG_ENABLE_OBJC_WEAK = YES;
				CLANG_WARN_BLOCK_CAPTURE_AUTORELEASING = YES;
				CLANG_WARN_BOOL_CONVERSION = YES;
				CLANG_WARN_COMMA = YES;
				CLANG_WARN_CONSTANT_CONVERSION = YES;
				CLANG_WARN_DEPRECATED_OBJC_IMPLEMENTATIONS = YES;
				CLANG_WARN_DIRECT_OBJC_ISA_USAGE = YES_ERROR;
				CLANG_WARN_DOCUMENTATION_COMMENTS = YES;
				CLANG_WARN_EMPTY_BODY = YES;
				CLANG_WARN_ENUM_CONVERSION = YES;
				CLANG_WARN_INFINITE_RECURSION = YES;
				CLANG_WARN_INT_CONVERSION = YES;
				CLANG_WARN_NON_LITERAL_NULL_CONVERSION = YES;
				CLANG_WARN_OBJC_IMPLICIT_RETAIN_SELF = YES;
				CLANG_WARN_OBJC_LITERAL_CONVERSION = YES;
				CLANG_WARN_OBJC_ROOT_CLASS = YES_ERROR;
				CLANG_WARN_RANGE_LOOP_ANALYSIS = YES;
				CLANG_WARN_STRICT_PROTOTYPES = YES;
				CLANG_WARN_SUSPICIOUS_MOVE = YES;
				CLANG_WARN_UNGUARDED_AVAILABILITY = YES_AGGRESSIVE;
				CLANG_WARN_UNREACHABLE_CODE = YES;
				CLANG_WARN__DUPLICATE_METHOD_MATCH = YES;
				CODE_SIGN_IDENTITY = "iPhone Developer";
				COPY_PHASE_STRIP = NO;
				DEBUG_INFORMATION_FORMAT = dwarf;
				ENABLE_STRICT_OBJC_MSGSEND = YES;
				ENABLE_TESTABILITY = YES;
				GCC_C_LANGUAGE_STANDARD = gnu11;
				GCC_DYNAMIC_NO_PIC = NO;
				GCC_NO_COMMON_BLOCKS = YES;
				GCC_OPTIMIZATION_LEVEL = 0;
				GCC_PREPROCESSOR_DEFINITIONS = (
					"DEBUG=1",
					"$(inherited)",
				);
				GCC_WARN_64_TO_32_BIT_CONVERSION = YES;
				GCC_WARN_ABOUT_RETURN_TYPE = YES_ERROR;
				GCC_WARN_UNDECLARED_SELECTOR = YES;
				GCC_WARN_UNINITIALIZED_AUTOS = YES_AGGRESSIVE;
				GCC_WARN_UNUSED_FUNCTION = YES;
				GCC_WARN_UNUSED_VARIABLE = YES;
				IPHONEOS_DEPLOYMENT_TARGET = 11.4;
				MTL_ENABLE_DEBUG_INFO = YES;
				ONLY_ACTIVE_ARCH = YES;
				SDKROOT = iphoneos;
				SWIFT_ACTIVE_COMPILATION_CONDITIONS = DEBUG;
				SWIFT_OPTIMIZATION_LEVEL = "-Onone";
			};
			name = Debug;
		};
		D411D3D720EAFB0B0040EB27 /* Release */ = {
			isa = XCBuildConfiguration;
			buildSettings = {
				ALWAYS_SEARCH_USER_PATHS = NO;
				CLANG_ANALYZER_NONNULL = YES;
				CLANG_ANALYZER_NUMBER_OBJECT_CONVERSION = YES_AGGRESSIVE;
				CLANG_CXX_LANGUAGE_STANDARD = "gnu++14";
				CLANG_CXX_LIBRARY = "libc++";
				CLANG_ENABLE_MODULES = YES;
				CLANG_ENABLE_OBJC_ARC = YES;
				CLANG_ENABLE_OBJC_WEAK = YES;
				CLANG_WARN_BLOCK_CAPTURE_AUTORELEASING = YES;
				CLANG_WARN_BOOL_CONVERSION = YES;
				CLANG_WARN_COMMA = YES;
				CLANG_WARN_CONSTANT_CONVERSION = YES;
				CLANG_WARN_DEPRECATED_OBJC_IMPLEMENTATIONS = YES;
				CLANG_WARN_DIRECT_OBJC_ISA_USAGE = YES_ERROR;
				CLANG_WARN_DOCUMENTATION_COMMENTS = YES;
				CLANG_WARN_EMPTY_BODY = YES;
				CLANG_WARN_ENUM_CONVERSION = YES;
				CLANG_WARN_INFINITE_RECURSION = YES;
				CLANG_WARN_INT_CONVERSION = YES;
				CLANG_WARN_NON_LITERAL_NULL_CONVERSION = YES;
				CLANG_WARN_OBJC_IMPLICIT_RETAIN_SELF = YES;
				CLANG_WARN_OBJC_LITERAL_CONVERSION = YES;
				CLANG_WARN_OBJC_ROOT_CLASS = YES_ERROR;
				CLANG_WARN_RANGE_LOOP_ANALYSIS = YES;
				CLANG_WARN_STRICT_PROTOTYPES = YES;
				CLANG_WARN_SUSPICIOUS_MOVE = YES;
				CLANG_WARN_UNGUARDED_AVAILABILITY = YES_AGGRESSIVE;
				CLANG_WARN_UNREACHABLE_CODE = YES;
				CLANG_WARN__DUPLICATE_METHOD_MATCH = YES;
				CODE_SIGN_IDENTITY = "iPhone Developer";
				COPY_PHASE_STRIP = NO;
				DEBUG_INFORMATION_FORMAT = "dwarf-with-dsym";
				ENABLE_NS_ASSERTIONS = NO;
				ENABLE_STRICT_OBJC_MSGSEND = YES;
				GCC_C_LANGUAGE_STANDARD = gnu11;
				GCC_NO_COMMON_BLOCKS = YES;
				GCC_WARN_64_TO_32_BIT_CONVERSION = YES;
				GCC_WARN_ABOUT_RETURN_TYPE = YES_ERROR;
				GCC_WARN_UNDECLARED_SELECTOR = YES;
				GCC_WARN_UNINITIALIZED_AUTOS = YES_AGGRESSIVE;
				GCC_WARN_UNUSED_FUNCTION = YES;
				GCC_WARN_UNUSED_VARIABLE = YES;
				IPHONEOS_DEPLOYMENT_TARGET = 11.4;
				MTL_ENABLE_DEBUG_INFO = NO;
				SDKROOT = iphoneos;
				SWIFT_COMPILATION_MODE = wholemodule;
				SWIFT_OPTIMIZATION_LEVEL = "-O";
				VALIDATE_PRODUCT = YES;
			};
			name = Release;
		};
		D411D3D920EAFB0B0040EB27 /* Debug */ = {
			isa = XCBuildConfiguration;
			buildSettings = {
				ASSETCATALOG_COMPILER_APPICON_NAME = AppIcon;
				CODE_SIGN_STYLE = Automatic;
				DEVELOPMENT_TEAM = MLL2QM4L99;
				INFOPLIST_FILE = GBShop/Info.plist;
				LD_RUNPATH_SEARCH_PATHS = (
					"$(inherited)",
					"@executable_path/Frameworks",
				);
				PRODUCT_BUNDLE_IDENTIFIER = com.chernomor.GBShop;
				PRODUCT_NAME = "$(TARGET_NAME)";
				SWIFT_VERSION = 4.0;
				TARGETED_DEVICE_FAMILY = "1,2";
			};
			name = Debug;
		};
		D411D3DA20EAFB0B0040EB27 /* Release */ = {
			isa = XCBuildConfiguration;
			buildSettings = {
				ASSETCATALOG_COMPILER_APPICON_NAME = AppIcon;
				CODE_SIGN_STYLE = Automatic;
				DEVELOPMENT_TEAM = MLL2QM4L99;
				INFOPLIST_FILE = GBShop/Info.plist;
				LD_RUNPATH_SEARCH_PATHS = (
					"$(inherited)",
					"@executable_path/Frameworks",
				);
				PRODUCT_BUNDLE_IDENTIFIER = com.chernomor.GBShop;
				PRODUCT_NAME = "$(TARGET_NAME)";
				SWIFT_VERSION = 4.0;
				TARGETED_DEVICE_FAMILY = "1,2";
			};
			name = Release;
		};
		D411D3DC20EAFB0B0040EB27 /* Debug */ = {
			isa = XCBuildConfiguration;
			buildSettings = {
				ALWAYS_EMBED_SWIFT_STANDARD_LIBRARIES = YES;
				BUNDLE_LOADER = "$(TEST_HOST)";
				CODE_SIGN_STYLE = Automatic;
				DEVELOPMENT_TEAM = MLL2QM4L99;
				INFOPLIST_FILE = GBShopTests/Info.plist;
				LD_RUNPATH_SEARCH_PATHS = (
					"$(inherited)",
					"@executable_path/Frameworks",
					"@loader_path/Frameworks",
				);
				PRODUCT_BUNDLE_IDENTIFIER = com.chernomor.GBShopTests;
				PRODUCT_NAME = "$(TARGET_NAME)";
				SWIFT_VERSION = 4.0;
				TARGETED_DEVICE_FAMILY = "1,2";
				TEST_HOST = "$(BUILT_PRODUCTS_DIR)/GBShop.app/GBShop";
			};
			name = Debug;
		};
		D411D3DD20EAFB0B0040EB27 /* Release */ = {
			isa = XCBuildConfiguration;
			buildSettings = {
				ALWAYS_EMBED_SWIFT_STANDARD_LIBRARIES = YES;
				BUNDLE_LOADER = "$(TEST_HOST)";
				CODE_SIGN_STYLE = Automatic;
				DEVELOPMENT_TEAM = MLL2QM4L99;
				INFOPLIST_FILE = GBShopTests/Info.plist;
				LD_RUNPATH_SEARCH_PATHS = (
					"$(inherited)",
					"@executable_path/Frameworks",
					"@loader_path/Frameworks",
				);
				PRODUCT_BUNDLE_IDENTIFIER = com.chernomor.GBShopTests;
				PRODUCT_NAME = "$(TARGET_NAME)";
				SWIFT_VERSION = 4.0;
				TARGETED_DEVICE_FAMILY = "1,2";
				TEST_HOST = "$(BUILT_PRODUCTS_DIR)/GBShop.app/GBShop";
			};
			name = Release;
		};
		D411D3DF20EAFB0B0040EB27 /* Debug */ = {
			isa = XCBuildConfiguration;
			buildSettings = {
				ALWAYS_EMBED_SWIFT_STANDARD_LIBRARIES = YES;
				CODE_SIGN_STYLE = Automatic;
				DEVELOPMENT_TEAM = MLL2QM4L99;
				INFOPLIST_FILE = GBShopUITests/Info.plist;
				LD_RUNPATH_SEARCH_PATHS = (
					"$(inherited)",
					"@executable_path/Frameworks",
					"@loader_path/Frameworks",
				);
				PRODUCT_BUNDLE_IDENTIFIER = com.chernomor.GBShopUITests;
				PRODUCT_NAME = "$(TARGET_NAME)";
				SWIFT_VERSION = 4.0;
				TARGETED_DEVICE_FAMILY = "1,2";
				TEST_TARGET_NAME = GBShop;
			};
			name = Debug;
		};
		D411D3E020EAFB0B0040EB27 /* Release */ = {
			isa = XCBuildConfiguration;
			buildSettings = {
				ALWAYS_EMBED_SWIFT_STANDARD_LIBRARIES = YES;
				CODE_SIGN_STYLE = Automatic;
				DEVELOPMENT_TEAM = MLL2QM4L99;
				INFOPLIST_FILE = GBShopUITests/Info.plist;
				LD_RUNPATH_SEARCH_PATHS = (
					"$(inherited)",
					"@executable_path/Frameworks",
					"@loader_path/Frameworks",
				);
				PRODUCT_BUNDLE_IDENTIFIER = com.chernomor.GBShopUITests;
				PRODUCT_NAME = "$(TARGET_NAME)";
				SWIFT_VERSION = 4.0;
				TARGETED_DEVICE_FAMILY = "1,2";
				TEST_TARGET_NAME = GBShop;
			};
			name = Release;
		};
/* End XCBuildConfiguration section */

/* Begin XCConfigurationList section */
		D411D3AB20EAFB0A0040EB27 /* Build configuration list for PBXProject "GBShop" */ = {
			isa = XCConfigurationList;
			buildConfigurations = (
				D411D3D620EAFB0B0040EB27 /* Debug */,
				D411D3D720EAFB0B0040EB27 /* Release */,
			);
			defaultConfigurationIsVisible = 0;
			defaultConfigurationName = Release;
		};
		D411D3D820EAFB0B0040EB27 /* Build configuration list for PBXNativeTarget "GBShop" */ = {
			isa = XCConfigurationList;
			buildConfigurations = (
				D411D3D920EAFB0B0040EB27 /* Debug */,
				D411D3DA20EAFB0B0040EB27 /* Release */,
			);
			defaultConfigurationIsVisible = 0;
			defaultConfigurationName = Release;
		};
		D411D3DB20EAFB0B0040EB27 /* Build configuration list for PBXNativeTarget "GBShopTests" */ = {
			isa = XCConfigurationList;
			buildConfigurations = (
				D411D3DC20EAFB0B0040EB27 /* Debug */,
				D411D3DD20EAFB0B0040EB27 /* Release */,
			);
			defaultConfigurationIsVisible = 0;
			defaultConfigurationName = Release;
		};
		D411D3DE20EAFB0B0040EB27 /* Build configuration list for PBXNativeTarget "GBShopUITests" */ = {
			isa = XCConfigurationList;
			buildConfigurations = (
				D411D3DF20EAFB0B0040EB27 /* Debug */,
				D411D3E020EAFB0B0040EB27 /* Release */,
			);
			defaultConfigurationIsVisible = 0;
			defaultConfigurationName = Release;
		};
/* End XCConfigurationList section */
	};
	rootObject = D411D3A820EAFB0A0040EB27 /* Project object */;
}
